
Microsoft Visual Studio Solution File, Format Version 12.00
# Visual Studio Version 17
VisualStudioVersion = 17.0.32014.148
MinimumVisualStudioVersion = 10.0.40219.1
Project("{FAE04EC0-301F-11D3-BF4B-00C04F79EFBC}") = "SyntaxSugarExercise", "SyntaxSugarExercise\SyntaxSugarExercise.csproj", "{48BBC671-C7EE-491C-AD60-FD1BB5F3F96A}"
EndProject
Global
	GlobalSection(SolutionConfigurationPlatforms) = preSolution
		Debug|Any CPU = Debug|Any CPU
		Release|Any CPU = Release|Any CPU
	EndGlobalSection
	GlobalSection(ProjectConfigurationPlatforms) = postSolution
		{48BBC671-C7EE-491C-AD60-FD1BB5F3F96A}.Debug|Any CPU.ActiveCfg = Debug|Any CPU
		{48BBC671-C7EE-491C-AD60-FD1BB5F3F96A}.Debug|Any CPU.Build.0 = Debug|Any CPU
		{48BBC671-C7EE-491C-AD60-FD1BB5F3F96A}.Release|Any CPU.ActiveCfg = Release|Any CPU
		{48BBC671-C7EE-491C-AD60-FD1BB5F3F96A}.Release|Any CPU.Build.0 = Release|Any CPU
	EndGlobalSection
	GlobalSection(SolutionProperties) = preSolution
		HideSolutionNode = FALSE
	EndGlobalSection
	GlobalSection(ExtensibilityGlobals) = postSolution
		SolutionGuid = {FA7E3FDE-EBA5-492E-9B65-B170BCD37CC5}
	EndGlobalSection
EndGlobal
